// !$*UTF8*$!
{
	archiveVersion = 1;
	classes = {
	};
	objectVersion = 46;
	objects = {

/* Begin PBXBuildFile section */
		7DC2EA971BF43FE000CA9221 /* main.m in Sources */ = {isa = PBXBuildFile; fileRef = 7DC2EA961BF43FE000CA9221 /* main.m */; };
		7DC2EA9A1BF43FE000CA9221 /* AppDelegate.m in Sources */ = {isa = PBXBuildFile; fileRef = 7DC2EA991BF43FE000CA9221 /* AppDelegate.m */; };
		7DC2EA9D1BF43FE000CA9221 /* ViewController.m in Sources */ = {isa = PBXBuildFile; fileRef = 7DC2EA9C1BF43FE000CA9221 /* ViewController.m */; };
		7DC2EAA01BF43FE000CA9221 /* Main.storyboard in Resources */ = {isa = PBXBuildFile; fileRef = 7DC2EA9E1BF43FE000CA9221 /* Main.storyboard */; };
		7DC2EAA31BF43FE000CA9221 /* fftest.xcdatamodeld in Sources */ = {isa = PBXBuildFile; fileRef = 7DC2EAA11BF43FE000CA9221 /* fftest.xcdatamodeld */; };
		7DC2EAA51BF43FE000CA9221 /* Assets.xcassets in Resources */ = {isa = PBXBuildFile; fileRef = 7DC2EAA41BF43FE000CA9221 /* Assets.xcassets */; };
		7DC2EAA81BF43FE000CA9221 /* LaunchScreen.storyboard in Resources */ = {isa = PBXBuildFile; fileRef = 7DC2EAA61BF43FE000CA9221 /* LaunchScreen.storyboard */; };
		7DC2EAB31BF43FE000CA9221 /* fftestTests.m in Sources */ = {isa = PBXBuildFile; fileRef = 7DC2EAB21BF43FE000CA9221 /* fftestTests.m */; };
		7DC2EABE1BF43FE000CA9221 /* fftestUITests.m in Sources */ = {isa = PBXBuildFile; fileRef = 7DC2EABD1BF43FE000CA9221 /* fftestUITests.m */; };
/* End PBXBuildFile section */

/* Begin PBXContainerItemProxy section */
		7DC2EAAF1BF43FE000CA9221 /* PBXContainerItemProxy */ = {
			isa = PBXContainerItemProxy;
			containerPortal = 7DC2EA8A1BF43FE000CA9221 /* Project object */;
			proxyType = 1;
			remoteGlobalIDString = 7DC2EA911BF43FE000CA9221;
			remoteInfo = fftest;
		};
		7DC2EABA1BF43FE000CA9221 /* PBXContainerItemProxy */ = {
			isa = PBXContainerItemProxy;
			containerPortal = 7DC2EA8A1BF43FE000CA9221 /* Project object */;
			proxyType = 1;
			remoteGlobalIDString = 7DC2EA911BF43FE000CA9221;
			remoteInfo = fftest;
		};
/* End PBXContainerItemProxy section */

/* Begin PBXFileReference section */
		7DC2EA921BF43FE000CA9221 /* fftest.app */ = {isa = PBXFileReference; explicitFileType = wrapper.application; includeInIndex = 0; path = fftest.app; sourceTree = BUILT_PRODUCTS_DIR; };
		7DC2EA961BF43FE000CA9221 /* main.m */ = {isa = PBXFileReference; lastKnownFileType = sourcecode.c.objc; path = main.m; sourceTree = "<group>"; };
		7DC2EA981BF43FE000CA9221 /* AppDelegate.h */ = {isa = PBXFileReference; lastKnownFileType = sourcecode.c.h; path = AppDelegate.h; sourceTree = "<group>"; };
		7DC2EA991BF43FE000CA9221 /* AppDelegate.m */ = {isa = PBXFileReference; lastKnownFileType = sourcecode.c.objc; path = AppDelegate.m; sourceTree = "<group>"; };
		7DC2EA9B1BF43FE000CA9221 /* ViewController.h */ = {isa = PBXFileReference; lastKnownFileType = sourcecode.c.h; path = ViewController.h; sourceTree = "<group>"; };
		7DC2EA9C1BF43FE000CA9221 /* ViewController.m */ = {isa = PBXFileReference; lastKnownFileType = sourcecode.c.objc; path = ViewController.m; sourceTree = "<group>"; };
		7DC2EA9F1BF43FE000CA9221 /* Base */ = {isa = PBXFileReference; lastKnownFileType = file.storyboard; name = Base; path = Base.lproj/Main.storyboard; sourceTree = "<group>"; };
		7DC2EAA21BF43FE000CA9221 /* fftest.xcdatamodel */ = {isa = PBXFileReference; lastKnownFileType = wrapper.xcdatamodel; path = fftest.xcdatamodel; sourceTree = "<group>"; };
		7DC2EAA41BF43FE000CA9221 /* Assets.xcassets */ = {isa = PBXFileReference; lastKnownFileType = folder.assetcatalog; path = Assets.xcassets; sourceTree = "<group>"; };
		7DC2EAA71BF43FE000CA9221 /* Base */ = {isa = PBXFileReference; lastKnownFileType = file.storyboard; name = Base; path = Base.lproj/LaunchScreen.storyboard; sourceTree = "<group>"; };
		7DC2EAA91BF43FE000CA9221 /* Info.plist */ = {isa = PBXFileReference; lastKnownFileType = text.plist.xml; path = Info.plist; sourceTree = "<group>"; };
		7DC2EAAE1BF43FE000CA9221 /* fftestTests.xctest */ = {isa = PBXFileReference; explicitFileType = wrapper.cfbundle; includeInIndex = 0; path = fftestTests.xctest; sourceTree = BUILT_PRODUCTS_DIR; };
		7DC2EAB21BF43FE000CA9221 /* fftestTests.m */ = {isa = PBXFileReference; lastKnownFileType = sourcecode.c.objc; path = fftestTests.m; sourceTree = "<group>"; };
		7DC2EAB41BF43FE000CA9221 /* Info.plist */ = {isa = PBXFileReference; lastKnownFileType = text.plist.xml; path = Info.plist; sourceTree = "<group>"; };
		7DC2EAB91BF43FE000CA9221 /* fftestUITests.xctest */ = {isa = PBXFileReference; explicitFileType = wrapper.cfbundle; includeInIndex = 0; path = fftestUITests.xctest; sourceTree = BUILT_PRODUCTS_DIR; };
		7DC2EABD1BF43FE000CA9221 /* fftestUITests.m */ = {isa = PBXFileReference; lastKnownFileType = sourcecode.c.objc; path = fftestUITests.m; sourceTree = "<group>"; };
		7DC2EABF1BF43FE000CA9221 /* Info.plist */ = {isa = PBXFileReference; lastKnownFileType = text.plist.xml; path = Info.plist; sourceTree = "<group>"; };
/* End PBXFileReference section */

/* Begin PBXFrameworksBuildPhase section */
		7DC2EA8F1BF43FE000CA9221 /* Frameworks */ = {
			isa = PBXFrameworksBuildPhase;
			buildActionMask = 2147483647;
			files = (
			);
			runOnlyForDeploymentPostprocessing = 0;
		};
		7DC2EAAB1BF43FE000CA9221 /* Frameworks */ = {
			isa = PBXFrameworksBuildPhase;
			buildActionMask = 2147483647;
			files = (
			);
			runOnlyForDeploymentPostprocessing = 0;
		};
		7DC2EAB61BF43FE000CA9221 /* Frameworks */ = {
			isa = PBXFrameworksBuildPhase;
			buildActionMask = 2147483647;
			files = (
			);
			runOnlyForDeploymentPostprocessing = 0;
		};
/* End PBXFrameworksBuildPhase section */

/* Begin PBXGroup section */
		7DC2EA891BF43FE000CA9221 = {
			isa = PBXGroup;
			children = (
				7DC2EA941BF43FE000CA9221 /* fftest */,
				7DC2EAB11BF43FE000CA9221 /* fftestTests */,
				7DC2EABC1BF43FE000CA9221 /* fftestUITests */,
				7DC2EA931BF43FE000CA9221 /* Products */,
			);
			sourceTree = "<group>";
		};
		7DC2EA931BF43FE000CA9221 /* Products */ = {
			isa = PBXGroup;
			children = (
				7DC2EA921BF43FE000CA9221 /* fftest.app */,
				7DC2EAAE1BF43FE000CA9221 /* fftestTests.xctest */,
				7DC2EAB91BF43FE000CA9221 /* fftestUITests.xctest */,
			);
			name = Products;
			sourceTree = "<group>";
		};
		7DC2EA941BF43FE000CA9221 /* fftest */ = {
			isa = PBXGroup;
			children = (
				7DC2EA981BF43FE000CA9221 /* AppDelegate.h */,
				7DC2EA991BF43FE000CA9221 /* AppDelegate.m */,
				7DC2EA9B1BF43FE000CA9221 /* ViewController.h */,
				7DC2EA9C1BF43FE000CA9221 /* ViewController.m */,
				7DC2EA9E1BF43FE000CA9221 /* Main.storyboard */,
				7DC2EAA41BF43FE000CA9221 /* Assets.xcassets */,
				7DC2EAA61BF43FE000CA9221 /* LaunchScreen.storyboard */,
				7DC2EAA91BF43FE000CA9221 /* Info.plist */,
				7DC2EAA11BF43FE000CA9221 /* fftest.xcdatamodeld */,
				7DC2EA951BF43FE000CA9221 /* Supporting Files */,
			);
			path = fftest;
			sourceTree = "<group>";
		};
		7DC2EA951BF43FE000CA9221 /* Supporting Files */ = {
			isa = PBXGroup;
			children = (
				7DC2EA961BF43FE000CA9221 /* main.m */,
			);
			name = "Supporting Files";
			sourceTree = "<group>";
		};
		7DC2EAB11BF43FE000CA9221 /* fftestTests */ = {
			isa = PBXGroup;
			children = (
				7DC2EAB21BF43FE000CA9221 /* fftestTests.m */,
				7DC2EAB41BF43FE000CA9221 /* Info.plist */,
			);
			path = fftestTests;
			sourceTree = "<group>";
		};
		7DC2EABC1BF43FE000CA9221 /* fftestUITests */ = {
			isa = PBXGroup;
			children = (
				7DC2EABD1BF43FE000CA9221 /* fftestUITests.m */,
				7DC2EABF1BF43FE000CA9221 /* Info.plist */,
			);
			path = fftestUITests;
			sourceTree = "<group>";
		};
/* End PBXGroup section */

/* Begin PBXNativeTarget section */
		7DC2EA911BF43FE000CA9221 /* fftest */ = {
			isa = PBXNativeTarget;
			buildConfigurationList = 7DC2EAC21BF43FE000CA9221 /* Build configuration list for PBXNativeTarget "fftest" */;
			buildPhases = (
				7DC2EA8E1BF43FE000CA9221 /* Sources */,
				7DC2EA8F1BF43FE000CA9221 /* Frameworks */,
				7DC2EA901BF43FE000CA9221 /* Resources */,
			);
			buildRules = (
			);
			dependencies = (
			);
			name = fftest;
			productName = fftest;
			productReference = 7DC2EA921BF43FE000CA9221 /* fftest.app */;
			productType = "com.apple.product-type.application";
		};
		7DC2EAAD1BF43FE000CA9221 /* fftestTests */ = {
			isa = PBXNativeTarget;
			buildConfigurationList = 7DC2EAC51BF43FE000CA9221 /* Build configuration list for PBXNativeTarget "fftestTests" */;
			buildPhases = (
				7DC2EAAA1BF43FE000CA9221 /* Sources */,
				7DC2EAAB1BF43FE000CA9221 /* Frameworks */,
				7DC2EAAC1BF43FE000CA9221 /* Resources */,
			);
			buildRules = (
			);
			dependencies = (
				7DC2EAB01BF43FE000CA9221 /* PBXTargetDependency */,
			);
			name = fftestTests;
			productName = fftestTests;
			productReference = 7DC2EAAE1BF43FE000CA9221 /* fftestTests.xctest */;
			productType = "com.apple.product-type.bundle.unit-test";
		};
		7DC2EAB81BF43FE000CA9221 /* fftestUITests */ = {
			isa = PBXNativeTarget;
			buildConfigurationList = 7DC2EAC81BF43FE000CA9221 /* Build configuration list for PBXNativeTarget "fftestUITests" */;
			buildPhases = (
				7DC2EAB51BF43FE000CA9221 /* Sources */,
				7DC2EAB61BF43FE000CA9221 /* Frameworks */,
				7DC2EAB71BF43FE000CA9221 /* Resources */,
			);
			buildRules = (
			);
			dependencies = (
				7DC2EABB1BF43FE000CA9221 /* PBXTargetDependency */,
			);
			name = fftestUITests;
			productName = fftestUITests;
			productReference = 7DC2EAB91BF43FE000CA9221 /* fftestUITests.xctest */;
			productType = "com.apple.product-type.bundle.ui-testing";
		};
/* End PBXNativeTarget section */

/* Begin PBXProject section */
		7DC2EA8A1BF43FE000CA9221 /* Project object */ = {
			isa = PBXProject;
			attributes = {
				LastUpgradeCheck = 0710;
				ORGANIZATIONNAME = weitingtao;
				TargetAttributes = {
					7DC2EA911BF43FE000CA9221 = {
						CreatedOnToolsVersion = 7.1;
					};
					7DC2EAAD1BF43FE000CA9221 = {
						CreatedOnToolsVersion = 7.1;
						TestTargetID = 7DC2EA911BF43FE000CA9221;
					};
					7DC2EAB81BF43FE000CA9221 = {
						CreatedOnToolsVersion = 7.1;
						TestTargetID = 7DC2EA911BF43FE000CA9221;
					};
				};
			};
			buildConfigurationList = 7DC2EA8D1BF43FE000CA9221 /* Build configuration list for PBXProject "fftest" */;
			compatibilityVersion = "Xcode 3.2";
			developmentRegion = English;
			hasScannedForEncodings = 0;
			knownRegions = (
				en,
				Base,
			);
			mainGroup = 7DC2EA891BF43FE000CA9221;
			productRefGroup = 7DC2EA931BF43FE000CA9221 /* Products */;
			projectDirPath = "";
			projectRoot = "";
			targets = (
				7DC2EA911BF43FE000CA9221 /* fftest */,
				7DC2EAAD1BF43FE000CA9221 /* fftestTests */,
				7DC2EAB81BF43FE000CA9221 /* fftestUITests */,
			);
		};
/* End PBXProject section */

/* Begin PBXResourcesBuildPhase section */
		7DC2EA901BF43FE000CA9221 /* Resources */ = {
			isa = PBXResourcesBuildPhase;
			buildActionMask = 2147483647;
			files = (
				7DC2EAA81BF43FE000CA9221 /* LaunchScreen.storyboard in Resources */,
				7DC2EAA51BF43FE000CA9221 /* Assets.xcassets in Resources */,
				7DC2EAA01BF43FE000CA9221 /* Main.storyboard in Resources */,
			);
			runOnlyForDeploymentPostprocessing = 0;
		};
		7DC2EAAC1BF43FE000CA9221 /* Resources */ = {
			isa = PBXResourcesBuildPhase;
			buildActionMask = 2147483647;
			files = (
			);
			runOnlyForDeploymentPostprocessing = 0;
		};
		7DC2EAB71BF43FE000CA9221 /* Resources */ = {
			isa = PBXResourcesBuildPhase;
			buildActionMask = 2147483647;
			files = (
			);
			runOnlyForDeploymentPostprocessing = 0;
		};
/* End PBXResourcesBuildPhase section */

/* Begin PBXSourcesBuildPhase section */
		7DC2EA8E1BF43FE000CA9221 /* Sources */ = {
			isa = PBXSourcesBuildPhase;
			buildActionMask = 2147483647;
			files = (
				7DC2EA9D1BF43FE000CA9221 /* ViewController.m in Sources */,
				7DC2EA9A1BF43FE000CA9221 /* AppDelegate.m in Sources */,
				7DC2EA971BF43FE000CA9221 /* main.m in Sources */,
				7DC2EAA31BF43FE000CA9221 /* fftest.xcdatamodeld in Sources */,
			);
			runOnlyForDeploymentPostprocessing = 0;
		};
		7DC2EAAA1BF43FE000CA9221 /* Sources */ = {
			isa = PBXSourcesBuildPhase;
			buildActionMask = 2147483647;
			files = (
				7DC2EAB31BF43FE000CA9221 /* fftestTests.m in Sources */,
			);
			runOnlyForDeploymentPostprocessing = 0;
		};
		7DC2EAB51BF43FE000CA9221 /* Sources */ = {
			isa = PBXSourcesBuildPhase;
			buildActionMask = 2147483647;
			files = (
				7DC2EABE1BF43FE000CA9221 /* fftestUITests.m in Sources */,
			);
			runOnlyForDeploymentPostprocessing = 0;
		};
/* End PBXSourcesBuildPhase section */

/* Begin PBXTargetDependency section */
		7DC2EAB01BF43FE000CA9221 /* PBXTargetDependency */ = {
			isa = PBXTargetDependency;
			target = 7DC2EA911BF43FE000CA9221 /* fftest */;
			targetProxy = 7DC2EAAF1BF43FE000CA9221 /* PBXContainerItemProxy */;
		};
		7DC2EABB1BF43FE000CA9221 /* PBXTargetDependency */ = {
			isa = PBXTargetDependency;
			target = 7DC2EA911BF43FE000CA9221 /* fftest */;
			targetProxy = 7DC2EABA1BF43FE000CA9221 /* PBXContainerItemProxy */;
		};
/* End PBXTargetDependency section */

/* Begin PBXVariantGroup section */
		7DC2EA9E1BF43FE000CA9221 /* Main.storyboard */ = {
			isa = PBXVariantGroup;
			children = (
				7DC2EA9F1BF43FE000CA9221 /* Base */,
			);
			name = Main.storyboard;
			sourceTree = "<group>";
		};
		7DC2EAA61BF43FE000CA9221 /* LaunchScreen.storyboard */ = {
			isa = PBXVariantGroup;
			children = (
				7DC2EAA71BF43FE000CA9221 /* Base */,
			);
			name = LaunchScreen.storyboard;
			sourceTree = "<group>";
		};
/* End PBXVariantGroup section */

/* Begin XCBuildConfiguration section */
		7DC2EAC01BF43FE000CA9221 /* Debug */ = {
			isa = XCBuildConfiguration;
			buildSettings = {
				ALWAYS_SEARCH_USER_PATHS = NO;
				CLANG_CXX_LANGUAGE_STANDARD = "gnu++0x";
				CLANG_CXX_LIBRARY = "libc++";
				CLANG_ENABLE_MODULES = YES;
				CLANG_ENABLE_OBJC_ARC = YES;
				CLANG_WARN_BOOL_CONVERSION = YES;
				CLANG_WARN_CONSTANT_CONVERSION = YES;
				CLANG_WARN_DIRECT_OBJC_ISA_USAGE = YES_ERROR;
				CLANG_WARN_EMPTY_BODY = YES;
				CLANG_WARN_ENUM_CONVERSION = YES;
				CLANG_WARN_INT_CONVERSION = YES;
				CLANG_WARN_OBJC_ROOT_CLASS = YES_ERROR;
				CLANG_WARN_UNREACHABLE_CODE = YES;
				CLANG_WARN__DUPLICATE_METHOD_MATCH = YES;
				"CODE_SIGN_IDENTITY[sdk=iphoneos*]" = "iPhone Developer";
				COPY_PHASE_STRIP = NO;
				DEBUG_INFORMATION_FORMAT = dwarf;
				ENABLE_STRICT_OBJC_MSGSEND = YES;
				ENABLE_TESTABILITY = YES;
				GCC_C_LANGUAGE_STANDARD = gnu99;
				GCC_DYNAMIC_NO_PIC = NO;
				GCC_NO_COMMON_BLOCKS = YES;
				GCC_OPTIMIZATION_LEVEL = 0;
				GCC_PREPROCESSOR_DEFINITIONS = (
					"DEBUG=1",
					"$(inherited)",
				);
				GCC_WARN_64_TO_32_BIT_CONVERSION = YES;
				GCC_WARN_ABOUT_RETURN_TYPE = YES_ERROR;
				GCC_WARN_UNDECLARED_SELECTOR = YES;
				GCC_WARN_UNINITIALIZED_AUTOS = YES_AGGRESSIVE;
				GCC_WARN_UNUSED_FUNCTION = YES;
				GCC_WARN_UNUSED_VARIABLE = YES;
				IPHONEOS_DEPLOYMENT_TARGET = 9.1;
				MTL_ENABLE_DEBUG_INFO = YES;
				ONLY_ACTIVE_ARCH = YES;
				SDKROOT = iphoneos;
				TARGETED_DEVICE_FAMILY = "1,2";
			};
			name = Debug;
		};
		7DC2EAC11BF43FE000CA9221 /* Release */ = {
			isa = XCBuildConfiguration;
			buildSettings = {
				ALWAYS_SEARCH_USER_PATHS = NO;
				CLANG_CXX_LANGUAGE_STANDARD = "gnu++0x";
				CLANG_CXX_LIBRARY = "libc++";
				CLANG_ENABLE_MODULES = YES;
				CLANG_ENABLE_OBJC_ARC = YES;
				CLANG_WARN_BOOL_CONVERSION = YES;
				CLANG_WARN_CONSTANT_CONVERSION = YES;
				CLANG_WARN_DIRECT_OBJC_ISA_USAGE = YES_ERROR;
				CLANG_WARN_EMPTY_BODY = YES;
				CLANG_WARN_ENUM_CONVERSION = YES;
				CLANG_WARN_INT_CONVERSION = YES;
				CLANG_WARN_OBJC_ROOT_CLASS = YES_ERROR;
				CLANG_WARN_UNREACHABLE_CODE = YES;
				CLANG_WARN__DUPLICATE_METHOD_MATCH = YES;
				"CODE_SIGN_IDENTITY[sdk=iphoneos*]" = "iPhone Developer";
				COPY_PHASE_STRIP = NO;
				DEBUG_INFORMATION_FORMAT = "dwarf-with-dsym";
				ENABLE_NS_ASSERTIONS = NO;
				ENABLE_STRICT_OBJC_MSGSEND = YES;
				GCC_C_LANGUAGE_STANDARD = gnu99;
				GCC_NO_COMMON_BLOCKS = YES;
				GCC_WARN_64_TO_32_BIT_CONVERSION = YES;
				GCC_WARN_ABOUT_RETURN_TYPE = YES_ERROR;
				GCC_WARN_UNDECLARED_SELECTOR = YES;
				GCC_WARN_UNINITIALIZED_AUTOS = YES_AGGRESSIVE;
				GCC_WARN_UNUSED_FUNCTION = YES;
				GCC_WARN_UNUSED_VARIABLE = YES;
				IPHONEOS_DEPLOYMENT_TARGET = 9.1;
				MTL_ENABLE_DEBUG_INFO = NO;
				SDKROOT = iphoneos;
				TARGETED_DEVICE_FAMILY = "1,2";
				VALIDATE_PRODUCT = YES;
			};
			name = Release;
		};
		7DC2EAC31BF43FE000CA9221 /* Debug */ = {
			isa = XCBuildConfiguration;
			buildSettings = {
				ASSETCATALOG_COMPILER_APPICON_NAME = AppIcon;
				INFOPLIST_FILE = fftest/Info.plist;
				LD_RUNPATH_SEARCH_PATHS = "$(inherited) @executable_path/Frameworks";
				PRODUCT_BUNDLE_IDENTIFIER = weitingtao.fftest;
				PRODUCT_NAME = "$(TARGET_NAME)";
			};
			name = Debug;
		};
		7DC2EAC41BF43FE000CA9221 /* Release */ = {
			isa = XCBuildConfiguration;
			buildSettings = {
				ASSETCATALOG_COMPILER_APPICON_NAME = AppIcon;
				INFOPLIST_FILE = fftest/Info.plist;
				LD_RUNPATH_SEARCH_PATHS = "$(inherited) @executable_path/Frameworks";
				PRODUCT_BUNDLE_IDENTIFIER = weitingtao.fftest;
				PRODUCT_NAME = "$(TARGET_NAME)";
			};
			name = Release;
		};
		7DC2EAC61BF43FE000CA9221 /* Debug */ = {
			isa = XCBuildConfiguration;
			buildSettings = {
				BUNDLE_LOADER = "$(TEST_HOST)";
				INFOPLIST_FILE = fftestTests/Info.plist;
				LD_RUNPATH_SEARCH_PATHS = "$(inherited) @executable_path/Frameworks @loader_path/Frameworks";
				PRODUCT_BUNDLE_IDENTIFIER = weitingtao.fftestTests;
				PRODUCT_NAME = "$(TARGET_NAME)";
				TEST_HOST = "$(BUILT_PRODUCTS_DIR)/fftest.app/fftest";
			};
			name = Debug;
		};
		7DC2EAC71BF43FE000CA9221 /* Release */ = {
			isa = XCBuildConfiguration;
			buildSettings = {
				BUNDLE_LOADER = "$(TEST_HOST)";
				INFOPLIST_FILE = fftestTests/Info.plist;
				LD_RUNPATH_SEARCH_PATHS = "$(inherited) @executable_path/Frameworks @loader_path/Frameworks";
				PRODUCT_BUNDLE_IDENTIFIER = weitingtao.fftestTests;
				PRODUCT_NAME = "$(TARGET_NAME)";
				TEST_HOST = "$(BUILT_PRODUCTS_DIR)/fftest.app/fftest";
			};
			name = Release;
		};
		7DC2EAC91BF43FE000CA9221 /* Debug */ = {
			isa = XCBuildConfiguration;
			buildSettings = {
				INFOPLIST_FILE = fftestUITests/Info.plist;
				LD_RUNPATH_SEARCH_PATHS = "$(inherited) @executable_path/Frameworks @loader_path/Frameworks";
				PRODUCT_BUNDLE_IDENTIFIER = weitingtao.fftestUITests;
				PRODUCT_NAME = "$(TARGET_NAME)";
				TEST_TARGET_NAME = fftest;
				USES_XCTRUNNER = YES;
			};
			name = Debug;
		};
		7DC2EACA1BF43FE000CA9221 /* Release */ = {
			isa = XCBuildConfiguration;
			buildSettings = {
				INFOPLIST_FILE = fftestUITests/Info.plist;
				LD_RUNPATH_SEARCH_PATHS = "$(inherited) @executable_path/Frameworks @loader_path/Frameworks";
				PRODUCT_BUNDLE_IDENTIFIER = weitingtao.fftestUITests;
				PRODUCT_NAME = "$(TARGET_NAME)";
				TEST_TARGET_NAME = fftest;
				USES_XCTRUNNER = YES;
			};
			name = Release;
		};
/* End XCBuildConfiguration section */

/* Begin XCConfigurationList section */
		7DC2EA8D1BF43FE000CA9221 /* Build configuration list for PBXProject "fftest" */ = {
			isa = XCConfigurationList;
			buildConfigurations = (
				7DC2EAC01BF43FE000CA9221 /* Debug */,
				7DC2EAC11BF43FE000CA9221 /* Release */,
			);
			defaultConfigurationIsVisible = 0;
			defaultConfigurationName = Release;
		};
		7DC2EAC21BF43FE000CA9221 /* Build configuration list for PBXNativeTarget "fftest" */ = {
			isa = XCConfigurationList;
			buildConfigurations = (
				7DC2EAC31BF43FE000CA9221 /* Debug */,
				7DC2EAC41BF43FE000CA9221 /* Release */,
			);
			defaultConfigurationIsVisible = 0;
		};
		7DC2EAC51BF43FE000CA9221 /* Build configuration list for PBXNativeTarget "fftestTests" */ = {
			isa = XCConfigurationList;
			buildConfigurations = (
				7DC2EAC61BF43FE000CA9221 /* Debug */,
				7DC2EAC71BF43FE000CA9221 /* Release */,
			);
			defaultConfigurationIsVisible = 0;
		};
		7DC2EAC81BF43FE000CA9221 /* Build configuration list for PBXNativeTarget "fftestUITests" */ = {
			isa = XCConfigurationList;
			buildConfigurations = (
				7DC2EAC91BF43FE000CA9221 /* Debug */,
				7DC2EACA1BF43FE000CA9221 /* Release */,
			);
			defaultConfigurationIsVisible = 0;
		};
/* End XCConfigurationList section */

/* Begin XCVersionGroup section */
		7DC2EAA11BF43FE000CA9221 /* fftest.xcdatamodeld */ = {
			isa = XCVersionGroup;
			children = (
				7DC2EAA21BF43FE000CA9221 /* fftest.xcdatamodel */,
			);
			currentVersion = 7DC2EAA21BF43FE000CA9221 /* fftest.xcdatamodel */;
			path = fftest.xcdatamodeld;
			sourceTree = "<group>";
			versionGroupType = wrapper.xcdatamodel;
		};
/* End XCVersionGroup section */
	};
	rootObject = 7DC2EA8A1BF43FE000CA9221 /* Project object */;
}
